// !$*UTF8*$!
{
	archiveVersion = 1;
	classes = {
	};
	objectVersion = 56;
	objects = {

/* Begin PBXBuildFile section */
		2FD3746C2A747FF2009FB170 /* DreamVacationApp.swift in Sources */ = {isa = PBXBuildFile; fileRef = 2FD3746B2A747FF2009FB170 /* DreamVacationApp.swift */; };
		2FD3746E2A747FF2009FB170 /* ContentView.swift in Sources */ = {isa = PBXBuildFile; fileRef = 2FD3746D2A747FF2009FB170 /* ContentView.swift */; };
		2FD374732A747FF3009FB170 /* Preview Assets.xcassets in Resources */ = {isa = PBXBuildFile; fileRef = 2FD374722A747FF3009FB170 /* Preview Assets.xcassets */; };
		2FD3747A2A7480C3009FB170 /* Assets.xcassets in Resources */ = {isa = PBXBuildFile; fileRef = 2FD374792A7480C2009FB170 /* Assets.xcassets */; };
		2FD3747F2A748261009FB170 /* Location.swift in Sources */ = {isa = PBXBuildFile; fileRef = 2FD3747E2A748261009FB170 /* Location.swift */; };
		2FD374822A74834E009FB170 /* LocationsDataService.swift in Sources */ = {isa = PBXBuildFile; fileRef = 2FD374812A74834E009FB170 /* LocationsDataService.swift */; };
		2FD374842A7483F9009FB170 /* LocationsView.swift in Sources */ = {isa = PBXBuildFile; fileRef = 2FD374832A7483F9009FB170 /* LocationsView.swift */; };
		2FD374862A748628009FB170 /* LocationsViewModel.swift in Sources */ = {isa = PBXBuildFile; fileRef = 2FD374852A748628009FB170 /* LocationsViewModel.swift */; };
		2FD374882A748B91009FB170 /* LocationsListView.swift in Sources */ = {isa = PBXBuildFile; fileRef = 2FD374872A748B91009FB170 /* LocationsListView.swift */; };
		2FD3748A2A749AAC009FB170 /* LocationPreviewView.swift in Sources */ = {isa = PBXBuildFile; fileRef = 2FD374892A749AAC009FB170 /* LocationPreviewView.swift */; };
		2FD3748C2A74A511009FB170 /* LocationMapAnnotationView.swift in Sources */ = {isa = PBXBuildFile; fileRef = 2FD3748B2A74A511009FB170 /* LocationMapAnnotationView.swift */; };
		2FD3748E2A74ABAE009FB170 /* LocationDetailView.swift in Sources */ = {isa = PBXBuildFile; fileRef = 2FD3748D2A74ABAE009FB170 /* LocationDetailView.swift */; };
/* End PBXBuildFile section */

/* Begin PBXFileReference section */
		2F5182202A755F1900C9C583 /* Info.plist */ = {isa = PBXFileReference; lastKnownFileType = text.plist; path = Info.plist; sourceTree = "<group>"; };
		2FD374682A747FF2009FB170 /* DreamVacation.app */ = {isa = PBXFileReference; explicitFileType = wrapper.application; includeInIndex = 0; path = DreamVacation.app; sourceTree = BUILT_PRODUCTS_DIR; };
		2FD3746B2A747FF2009FB170 /* DreamVacationApp.swift */ = {isa = PBXFileReference; lastKnownFileType = sourcecode.swift; path = DreamVacationApp.swift; sourceTree = "<group>"; };
		2FD3746D2A747FF2009FB170 /* ContentView.swift */ = {isa = PBXFileReference; lastKnownFileType = sourcecode.swift; path = ContentView.swift; sourceTree = "<group>"; };
		2FD374722A747FF3009FB170 /* Preview Assets.xcassets */ = {isa = PBXFileReference; lastKnownFileType = folder.assetcatalog; path = "Preview Assets.xcassets"; sourceTree = "<group>"; };
		2FD374792A7480C2009FB170 /* Assets.xcassets */ = {isa = PBXFileReference; lastKnownFileType = folder.assetcatalog; path = Assets.xcassets; sourceTree = "<group>"; };
		2FD3747E2A748261009FB170 /* Location.swift */ = {isa = PBXFileReference; lastKnownFileType = sourcecode.swift; path = Location.swift; sourceTree = "<group>"; };
		2FD374812A74834E009FB170 /* LocationsDataService.swift */ = {isa = PBXFileReference; fileEncoding = 4; lastKnownFileType = sourcecode.swift; path = LocationsDataService.swift; sourceTree = "<group>"; };
		2FD374832A7483F9009FB170 /* LocationsView.swift */ = {isa = PBXFileReference; lastKnownFileType = sourcecode.swift; path = LocationsView.swift; sourceTree = "<group>"; };
		2FD374852A748628009FB170 /* LocationsViewModel.swift */ = {isa = PBXFileReference; lastKnownFileType = sourcecode.swift; path = LocationsViewModel.swift; sourceTree = "<group>"; };
		2FD374872A748B91009FB170 /* LocationsListView.swift */ = {isa = PBXFileReference; lastKnownFileType = sourcecode.swift; path = LocationsListView.swift; sourceTree = "<group>"; };
		2FD374892A749AAC009FB170 /* LocationPreviewView.swift */ = {isa = PBXFileReference; lastKnownFileType = sourcecode.swift; path = LocationPreviewView.swift; sourceTree = "<group>"; };
		2FD3748B2A74A511009FB170 /* LocationMapAnnotationView.swift */ = {isa = PBXFileReference; lastKnownFileType = sourcecode.swift; path = LocationMapAnnotationView.swift; sourceTree = "<group>"; };
		2FD3748D2A74ABAE009FB170 /* LocationDetailView.swift */ = {isa = PBXFileReference; lastKnownFileType = sourcecode.swift; path = LocationDetailView.swift; sourceTree = "<group>"; };
/* End PBXFileReference section */

/* Begin PBXFrameworksBuildPhase section */
		2FD374652A747FF2009FB170 /* Frameworks */ = {
			isa = PBXFrameworksBuildPhase;
			buildActionMask = 2147483647;
			files = (
			);
			runOnlyForDeploymentPostprocessing = 0;
		};
/* End PBXFrameworksBuildPhase section */

/* Begin PBXGroup section */
		2FD3745F2A747FF2009FB170 = {
			isa = PBXGroup;
			children = (
				2FD3746A2A747FF2009FB170 /* DreamVacation */,
				2FD374692A747FF2009FB170 /* Products */,
			);
			sourceTree = "<group>";
		};
		2FD374692A747FF2009FB170 /* Products */ = {
			isa = PBXGroup;
			children = (
				2FD374682A747FF2009FB170 /* DreamVacation.app */,
			);
			name = Products;
			sourceTree = "<group>";
		};
		2FD3746A2A747FF2009FB170 /* DreamVacation */ = {
			isa = PBXGroup;
			children = (
				2F5182202A755F1900C9C583 /* Info.plist */,
				2FD3746B2A747FF2009FB170 /* DreamVacationApp.swift */,
				2FD3746D2A747FF2009FB170 /* ContentView.swift */,
				2FD374802A748337009FB170 /* DataServices */,
				2FD3747C2A74821C009FB170 /* Views */,
				2FD3747B2A7481E9009FB170 /* ViewModels */,
				2FD3747D2A74822C009FB170 /* Models */,
				2FD374792A7480C2009FB170 /* Assets.xcassets */,
				2FD374712A747FF3009FB170 /* Preview Content */,
			);
			path = DreamVacation;
			sourceTree = "<group>";
		};
		2FD374712A747FF3009FB170 /* Preview Content */ = {
			isa = PBXGroup;
			children = (
				2FD374722A747FF3009FB170 /* Preview Assets.xcassets */,
			);
			path = "Preview Content";
			sourceTree = "<group>";
		};
		2FD3747B2A7481E9009FB170 /* ViewModels */ = {
			isa = PBXGroup;
			children = (
				2FD374852A748628009FB170 /* LocationsViewModel.swift */,
			);
			path = ViewModels;
			sourceTree = "<group>";
		};
		2FD3747C2A74821C009FB170 /* Views */ = {
			isa = PBXGroup;
			children = (
				2FD374832A7483F9009FB170 /* LocationsView.swift */,
				2FD374872A748B91009FB170 /* LocationsListView.swift */,
				2FD374892A749AAC009FB170 /* LocationPreviewView.swift */,
				2FD3748B2A74A511009FB170 /* LocationMapAnnotationView.swift */,
				2FD3748D2A74ABAE009FB170 /* LocationDetailView.swift */,
			);
			path = Views;
			sourceTree = "<group>";
		};
		2FD3747D2A74822C009FB170 /* Models */ = {
			isa = PBXGroup;
			children = (
				2FD3747E2A748261009FB170 /* Location.swift */,
			);
			path = Models;
			sourceTree = "<group>";
		};
		2FD374802A748337009FB170 /* DataServices */ = {
			isa = PBXGroup;
			children = (
				2FD374812A74834E009FB170 /* LocationsDataService.swift */,
			);
			path = DataServices;
			sourceTree = "<group>";
		};
/* End PBXGroup section */

/* Begin PBXNativeTarget section */
		2FD374672A747FF2009FB170 /* DreamVacation */ = {
			isa = PBXNativeTarget;
			buildConfigurationList = 2FD374762A747FF3009FB170 /* Build configuration list for PBXNativeTarget "DreamVacation" */;
			buildPhases = (
				2FD374642A747FF2009FB170 /* Sources */,
				2FD374652A747FF2009FB170 /* Frameworks */,
				2FD374662A747FF2009FB170 /* Resources */,
			);
			buildRules = (
			);
			dependencies = (
			);
			name = DreamVacation;
			productName = DreamVacation;
			productReference = 2FD374682A747FF2009FB170 /* DreamVacation.app */;
			productType = "com.apple.product-type.application";
		};
/* End PBXNativeTarget section */

/* Begin PBXProject section */
		2FD374602A747FF2009FB170 /* Project object */ = {
			isa = PBXProject;
			attributes = {
				BuildIndependentTargetsInParallel = 1;
				LastSwiftUpdateCheck = 1420;
				LastUpgradeCheck = 1420;
				TargetAttributes = {
					2FD374672A747FF2009FB170 = {
						CreatedOnToolsVersion = 14.2;
					};
				};
			};
			buildConfigurationList = 2FD374632A747FF2009FB170 /* Build configuration list for PBXProject "DreamVacation" */;
			compatibilityVersion = "Xcode 14.0";
			developmentRegion = en;
			hasScannedForEncodings = 0;
			knownRegions = (
				en,
				Base,
			);
			mainGroup = 2FD3745F2A747FF2009FB170;
			productRefGroup = 2FD374692A747FF2009FB170 /* Products */;
			projectDirPath = "";
			projectRoot = "";
			targets = (
				2FD374672A747FF2009FB170 /* DreamVacation */,
			);
		};
/* End PBXProject section */

/* Begin PBXResourcesBuildPhase section */
		2FD374662A747FF2009FB170 /* Resources */ = {
			isa = PBXResourcesBuildPhase;
			buildActionMask = 2147483647;
			files = (
				2FD3747A2A7480C3009FB170 /* Assets.xcassets in Resources */,
				2FD374732A747FF3009FB170 /* Preview Assets.xcassets in Resources */,
			);
			runOnlyForDeploymentPostprocessing = 0;
		};
/* End PBXResourcesBuildPhase section */

/* Begin PBXSourcesBuildPhase section */
		2FD374642A747FF2009FB170 /* Sources */ = {
			isa = PBXSourcesBuildPhase;
			buildActionMask = 2147483647;
			files = (
				2FD374822A74834E009FB170 /* LocationsDataService.swift in Sources */,
				2FD3748C2A74A511009FB170 /* LocationMapAnnotationView.swift in Sources */,
				2FD374882A748B91009FB170 /* LocationsListView.swift in Sources */,
				2FD3748A2A749AAC009FB170 /* LocationPreviewView.swift in Sources */,
				2FD374862A748628009FB170 /* LocationsViewModel.swift in Sources */,
				2FD3746E2A747FF2009FB170 /* ContentView.swift in Sources */,
				2FD374842A7483F9009FB170 /* LocationsView.swift in Sources */,
				2FD3747F2A748261009FB170 /* Location.swift in Sources */,
				2FD3748E2A74ABAE009FB170 /* LocationDetailView.swift in Sources */,
				2FD3746C2A747FF2009FB170 /* DreamVacationApp.swift in Sources */,
			);
			runOnlyForDeploymentPostprocessing = 0;
		};
/* End PBXSourcesBuildPhase section */

/* Begin XCBuildConfiguration section */
		2FD374742A747FF3009FB170 /* Debug */ = {
			isa = XCBuildConfiguration;
			buildSettings = {
				ALWAYS_SEARCH_USER_PATHS = NO;
				CLANG_ANALYZER_NONNULL = YES;
				CLANG_ANALYZER_NUMBER_OBJECT_CONVERSION = YES_AGGRESSIVE;
				CLANG_CXX_LANGUAGE_STANDARD = "gnu++20";
				CLANG_ENABLE_MODULES = YES;
				CLANG_ENABLE_OBJC_ARC = YES;
				CLANG_ENABLE_OBJC_WEAK = YES;
				CLANG_WARN_BLOCK_CAPTURE_AUTORELEASING = YES;
				CLANG_WARN_BOOL_CONVERSION = YES;
				CLANG_WARN_COMMA = YES;
				CLANG_WARN_CONSTANT_CONVERSION = YES;
				CLANG_WARN_DEPRECATED_OBJC_IMPLEMENTATIONS = YES;
				CLANG_WARN_DIRECT_OBJC_ISA_USAGE = YES_ERROR;
				CLANG_WARN_DOCUMENTATION_COMMENTS = YES;
				CLANG_WARN_EMPTY_BODY = YES;
				CLANG_WARN_ENUM_CONVERSION = YES;
				CLANG_WARN_INFINITE_RECURSION = YES;
				CLANG_WARN_INT_CONVERSION = YES;
				CLANG_WARN_NON_LITERAL_NULL_CONVERSION = YES;
				CLANG_WARN_OBJC_IMPLICIT_RETAIN_SELF = YES;
				CLANG_WARN_OBJC_LITERAL_CONVERSION = YES;
				CLANG_WARN_OBJC_ROOT_CLASS = YES_ERROR;
				CLANG_WARN_QUOTED_INCLUDE_IN_FRAMEWORK_HEADER = YES;
				CLANG_WARN_RANGE_LOOP_ANALYSIS = YES;
				CLANG_WARN_STRICT_PROTOTYPES = YES;
				CLANG_WARN_SUSPICIOUS_MOVE = YES;
				CLANG_WARN_UNGUARDED_AVAILABILITY = YES_AGGRESSIVE;
				CLANG_WARN_UNREACHABLE_CODE = YES;
				CLANG_WARN__DUPLICATE_METHOD_MATCH = YES;
				COPY_PHASE_STRIP = NO;
				DEBUG_INFORMATION_FORMAT = dwarf;
				ENABLE_STRICT_OBJC_MSGSEND = YES;
				ENABLE_TESTABILITY = YES;
				GCC_C_LANGUAGE_STANDARD = gnu11;
				GCC_DYNAMIC_NO_PIC = NO;
				GCC_NO_COMMON_BLOCKS = YES;
				GCC_OPTIMIZATION_LEVEL = 0;
				GCC_PREPROCESSOR_DEFINITIONS = (
					"DEBUG=1",
					"$(inherited)",
				);
				GCC_WARN_64_TO_32_BIT_CONVERSION = YES;
				GCC_WARN_ABOUT_RETURN_TYPE = YES_ERROR;
				GCC_WARN_UNDECLARED_SELECTOR = YES;
				GCC_WARN_UNINITIALIZED_AUTOS = YES_AGGRESSIVE;
				GCC_WARN_UNUSED_FUNCTION = YES;
				GCC_WARN_UNUSED_VARIABLE = YES;
				IPHONEOS_DEPLOYMENT_TARGET = 16.2;
				MTL_ENABLE_DEBUG_INFO = INCLUDE_SOURCE;
				MTL_FAST_MATH = YES;
				ONLY_ACTIVE_ARCH = YES;
				SDKROOT = iphoneos;
				SWIFT_ACTIVE_COMPILATION_CONDITIONS = DEBUG;
				SWIFT_OPTIMIZATION_LEVEL = "-Onone";
			};
			name = Debug;
		};
		2FD374752A747FF3009FB170 /* Release */ = {
			isa = XCBuildConfiguration;
			buildSettings = {
				ALWAYS_SEARCH_USER_PATHS = NO;
				CLANG_ANALYZER_NONNULL = YES;
				CLANG_ANALYZER_NUMBER_OBJECT_CONVERSION = YES_AGGRESSIVE;
				CLANG_CXX_LANGUAGE_STANDARD = "gnu++20";
				CLANG_ENABLE_MODULES = YES;
				CLANG_ENABLE_OBJC_ARC = YES;
				CLANG_ENABLE_OBJC_WEAK = YES;
				CLANG_WARN_BLOCK_CAPTURE_AUTORELEASING = YES;
				CLANG_WARN_BOOL_CONVERSION = YES;
				CLANG_WARN_COMMA = YES;
				CLANG_WARN_CONSTANT_CONVERSION = YES;
				CLANG_WARN_DEPRECATED_OBJC_IMPLEMENTATIONS = YES;
				CLANG_WARN_DIRECT_OBJC_ISA_USAGE = YES_ERROR;
				CLANG_WARN_DOCUMENTATION_COMMENTS = YES;
				CLANG_WARN_EMPTY_BODY = YES;
				CLANG_WARN_ENUM_CONVERSION = YES;
				CLANG_WARN_INFINITE_RECURSION = YES;
				CLANG_WARN_INT_CONVERSION = YES;
				CLANG_WARN_NON_LITERAL_NULL_CONVERSION = YES;
				CLANG_WARN_OBJC_IMPLICIT_RETAIN_SELF = YES;
				CLANG_WARN_OBJC_LITERAL_CONVERSION = YES;
				CLANG_WARN_OBJC_ROOT_CLASS = YES_ERROR;
				CLANG_WARN_QUOTED_INCLUDE_IN_FRAMEWORK_HEADER = YES;
				CLANG_WARN_RANGE_LOOP_ANALYSIS = YES;
				CLANG_WARN_STRICT_PROTOTYPES = YES;
				CLANG_WARN_SUSPICIOUS_MOVE = YES;
				CLANG_WARN_UNGUARDED_AVAILABILITY = YES_AGGRESSIVE;
				CLANG_WARN_UNREACHABLE_CODE = YES;
				CLANG_WARN__DUPLICATE_METHOD_MATCH = YES;
				COPY_PHASE_STRIP = NO;
				DEBUG_INFORMATION_FORMAT = "dwarf-with-dsym";
				ENABLE_NS_ASSERTIONS = NO;
				ENABLE_STRICT_OBJC_MSGSEND = YES;
				GCC_C_LANGUAGE_STANDARD = gnu11;
				GCC_NO_COMMON_BLOCKS = YES;
				GCC_WARN_64_TO_32_BIT_CONVERSION = YES;
				GCC_WARN_ABOUT_RETURN_TYPE = YES_ERROR;
				GCC_WARN_UNDECLARED_SELECTOR = YES;
				GCC_WARN_UNINITIALIZED_AUTOS = YES_AGGRESSIVE;
				GCC_WARN_UNUSED_FUNCTION = YES;
				GCC_WARN_UNUSED_VARIABLE = YES;
				IPHONEOS_DEPLOYMENT_TARGET = 16.2;
				MTL_ENABLE_DEBUG_INFO = NO;
				MTL_FAST_MATH = YES;
				SDKROOT = iphoneos;
				SWIFT_COMPILATION_MODE = wholemodule;
				SWIFT_OPTIMIZATION_LEVEL = "-O";
				VALIDATE_PRODUCT = YES;
			};
			name = Release;
		};
		2FD374772A747FF3009FB170 /* Debug */ = {
			isa = XCBuildConfiguration;
			buildSettings = {
				ASSETCATALOG_COMPILER_APPICON_NAME = AppIcon;
				ASSETCATALOG_COMPILER_GLOBAL_ACCENT_COLOR_NAME = AccentColor;
				CODE_SIGN_STYLE = Automatic;
				CURRENT_PROJECT_VERSION = 1;
				DEVELOPMENT_ASSET_PATHS = "\"DreamVacation/Preview Content\"";
				DEVELOPMENT_TEAM = BDYB7B4BF2;
				ENABLE_PREVIEWS = YES;
				GENERATE_INFOPLIST_FILE = YES;
				INFOPLIST_FILE = DreamVacation/Info.plist;
				INFOPLIST_KEY_UIApplicationSceneManifest_Generation = YES;
				INFOPLIST_KEY_UIApplicationSupportsIndirectInputEvents = YES;
				INFOPLIST_KEY_UISupportedInterfaceOrientations_iPad = "UIInterfaceOrientationPortrait UIInterfaceOrientationPortraitUpsideDown UIInterfaceOrientationLandscapeLeft UIInterfaceOrientationLandscapeRight";
				INFOPLIST_KEY_UISupportedInterfaceOrientations_iPhone = UIInterfaceOrientationPortrait;
				LD_RUNPATH_SEARCH_PATHS = (
					"$(inherited)",
					"@executable_path/Frameworks",
				);
				MARKETING_VERSION = 1.0;
				PRODUCT_BUNDLE_IDENTIFIER = IOSDev.DreamVacation;
				PRODUCT_NAME = "$(TARGET_NAME)";
				SWIFT_EMIT_LOC_STRINGS = YES;
				SWIFT_VERSION = 5.0;
				TARGETED_DEVICE_FAMILY = "1,2";
			};
			name = Debug;
		};
		2FD374782A747FF3009FB170 /* Release */ = {
			isa = XCBuildConfiguration;
			buildSettings = {
				ASSETCATALOG_COMPILER_APPICON_NAME = AppIcon;
				ASSETCATALOG_COMPILER_GLOBAL_ACCENT_COLOR_NAME = AccentColor;
				CODE_SIGN_STYLE = Automatic;
				CURRENT_PROJECT_VERSION = 1;
				DEVELOPMENT_ASSET_PATHS = "\"DreamVacation/Preview Content\"";
				DEVELOPMENT_TEAM = BDYB7B4BF2;
				ENABLE_PREVIEWS = YES;
				GENERATE_INFOPLIST_FILE = YES;
				INFOPLIST_FILE = DreamVacation/Info.plist;
				INFOPLIST_KEY_UIApplicationSceneManifest_Generation = YES;
				INFOPLIST_KEY_UIApplicationSupportsIndirectInputEvents = YES;
				INFOPLIST_KEY_UISupportedInterfaceOrientations_iPad = "UIInterfaceOrientationPortrait UIInterfaceOrientationPortraitUpsideDown UIInterfaceOrientationLandscapeLeft UIInterfaceOrientationLandscapeRight";
				INFOPLIST_KEY_UISupportedInterfaceOrientations_iPhone = UIInterfaceOrientationPortrait;
				LD_RUNPATH_SEARCH_PATHS = (
					"$(inherited)",
					"@executable_path/Frameworks",
				);
				MARKETING_VERSION = 1.0;
				PRODUCT_BUNDLE_IDENTIFIER = IOSDev.DreamVacation;
				PRODUCT_NAME = "$(TARGET_NAME)";
				SWIFT_EMIT_LOC_STRINGS = YES;
				SWIFT_VERSION = 5.0;
				TARGETED_DEVICE_FAMILY = "1,2";
			};
			name = Release;
		};
/* End XCBuildConfiguration section */

/* Begin XCConfigurationList section */
		2FD374632A747FF2009FB170 /* Build configuration list for PBXProject "DreamVacation" */ = {
			isa = XCConfigurationList;
			buildConfigurations = (
				2FD374742A747FF3009FB170 /* Debug */,
				2FD374752A747FF3009FB170 /* Release */,
			);
			defaultConfigurationIsVisible = 0;
			defaultConfigurationName = Release;
		};
		2FD374762A747FF3009FB170 /* Build configuration list for PBXNativeTarget "DreamVacation" */ = {
			isa = XCConfigurationList;
			buildConfigurations = (
				2FD374772A747FF3009FB170 /* Debug */,
				2FD374782A747FF3009FB170 /* Release */,
			);
			defaultConfigurationIsVisible = 0;
			defaultConfigurationName = Release;
		};
/* End XCConfigurationList section */
	};
	rootObject = 2FD374602A747FF2009FB170 /* Project object */;
}
